
Microsoft Visual Studio Solution File, Format Version 12.00
# Visual Studio Version 17
VisualStudioVersion = 17.14.36414.22
MinimumVisualStudioVersion = 10.0.40219.1
Project("{FAE04EC0-301F-11D3-BF4B-00C04F79EFBC}") = "ats-maintenance-tracker-group2", "ats-maintenance-tracker-group2\ats-maintenance-tracker-group2.csproj", "{766A3B05-708D-4133-BF58-BDFB5A2ABAE0}"
EndProject
Global
	GlobalSection(SolutionConfigurationPlatforms) = preSolution
		Debug|Any CPU = Debug|Any CPU
		Release|Any CPU = Release|Any CPU
	EndGlobalSection
	GlobalSection(ProjectConfigurationPlatforms) = postSolution
		{766A3B05-708D-4133-BF58-BDFB5A2ABAE0}.Debug|Any CPU.ActiveCfg = Debug|Any CPU
		{766A3B05-708D-4133-BF58-BDFB5A2ABAE0}.Debug|Any CPU.Build.0 = Debug|Any CPU
		{766A3B05-708D-4133-BF58-BDFB5A2ABAE0}.Release|Any CPU.ActiveCfg = Release|Any CPU
		{766A3B05-708D-4133-BF58-BDFB5A2ABAE0}.Release|Any CPU.Build.0 = Release|Any CPU
	EndGlobalSection
	GlobalSection(SolutionProperties) = preSolution
		HideSolutionNode = FALSE
	EndGlobalSection
	GlobalSection(ExtensibilityGlobals) = postSolution
		SolutionGuid = {03BEA0BF-9D97-4F3D-8097-12BAC80F8F22}
	EndGlobalSection
EndGlobal
